
Microsoft Visual Studio Solution File, Format Version 12.00
# Visual Studio Version 17
VisualStudioVersion = 17.0.31903.59
MinimumVisualStudioVersion = 10.0.40219.1
Project("{FAE04EC0-301F-11D3-BF4B-00C04F79EFBC}") = "Задание 8", "Задание 8\Задание 8.csproj", "{71150A9E-861E-4453-9BD0-F9EC07BA4B57}"
EndProject
Project("{FAE04EC0-301F-11D3-BF4B-00C04F79EFBC}") = "8.2", "8.2\8.2.csproj", "{10805071-20AA-4427-91FC-1177F7EA542A}"
EndProject
Project("{FAE04EC0-301F-11D3-BF4B-00C04F79EFBC}") = "8.3", "8.3\8.3.csproj", "{AE301203-6524-49E3-BD3E-0716C45FEC93}"
EndProject
Global
	GlobalSection(SolutionConfigurationPlatforms) = preSolution
		Debug|Any CPU = Debug|Any CPU
		Release|Any CPU = Release|Any CPU
	EndGlobalSection
	GlobalSection(ProjectConfigurationPlatforms) = postSolution
		{71150A9E-861E-4453-9BD0-F9EC07BA4B57}.Debug|Any CPU.ActiveCfg = Debug|Any CPU
		{71150A9E-861E-4453-9BD0-F9EC07BA4B57}.Debug|Any CPU.Build.0 = Debug|Any CPU
		{71150A9E-861E-4453-9BD0-F9EC07BA4B57}.Release|Any CPU.ActiveCfg = Release|Any CPU
		{71150A9E-861E-4453-9BD0-F9EC07BA4B57}.Release|Any CPU.Build.0 = Release|Any CPU
		{10805071-20AA-4427-91FC-1177F7EA542A}.Debug|Any CPU.ActiveCfg = Debug|Any CPU
		{10805071-20AA-4427-91FC-1177F7EA542A}.Debug|Any CPU.Build.0 = Debug|Any CPU
		{10805071-20AA-4427-91FC-1177F7EA542A}.Release|Any CPU.ActiveCfg = Release|Any CPU
		{10805071-20AA-4427-91FC-1177F7EA542A}.Release|Any CPU.Build.0 = Release|Any CPU
		{AE301203-6524-49E3-BD3E-0716C45FEC93}.Debug|Any CPU.ActiveCfg = Debug|Any CPU
		{AE301203-6524-49E3-BD3E-0716C45FEC93}.Debug|Any CPU.Build.0 = Debug|Any CPU
		{AE301203-6524-49E3-BD3E-0716C45FEC93}.Release|Any CPU.ActiveCfg = Release|Any CPU
		{AE301203-6524-49E3-BD3E-0716C45FEC93}.Release|Any CPU.Build.0 = Release|Any CPU
	EndGlobalSection
	GlobalSection(SolutionProperties) = preSolution
		HideSolutionNode = FALSE
	EndGlobalSection
	GlobalSection(ExtensibilityGlobals) = postSolution
		SolutionGuid = {67F466B1-BC22-4FEA-A155-E3417B42F03A}
	EndGlobalSection
EndGlobal
